
Microsoft Visual Studio Solution File, Format Version 12.00
# Visual Studio Version 17
VisualStudioVersion = 17.5.33516.290
MinimumVisualStudioVersion = 10.0.40219.1
Project("{2150E333-8FDC-42A3-9474-1A3956D46DE8}") = "src", "src", "{496E6E37-FEA7-4327-B72A-F8714443BAB9}"
EndProject
Project("{2150E333-8FDC-42A3-9474-1A3956D46DE8}") = "test", "test", "{022F9AF1-03D7-463E-9834-9EB1ACCC19F4}"
EndProject
Project("{FAE04EC0-301F-11D3-BF4B-00C04F79EFBC}") = "ClientManagement.Api", "ClientManagement.Api\ClientManagement.Api.csproj", "{04FCE723-D741-441C-A6CC-7D969E18771E}"
EndProject
Project("{2150E333-8FDC-42A3-9474-1A3956D46DE8}") = "API", "API", "{C3BF0D1A-A2AD-4DD8-8065-107329D7FB91}"
EndProject
Project("{2150E333-8FDC-42A3-9474-1A3956D46DE8}") = "Core", "Core", "{C64F80CC-1706-4DFB-A1CE-09F5A16F0AAC}"
EndProject
Project("{2150E333-8FDC-42A3-9474-1A3956D46DE8}") = "Infrastructure", "Infrastructure", "{A221A275-76A7-49F2-969A-7C05D51BC273}"
EndProject
Project("{FAE04EC0-301F-11D3-BF4B-00C04F79EFBC}") = "ClientManagement.Application", "ClientManagement.Application\ClientManagement.Application.csproj", "{E7D7C23E-D4B4-4ECE-AA90-A383496B6554}"
EndProject
Project("{FAE04EC0-301F-11D3-BF4B-00C04F79EFBC}") = "ClientManagement.Domain", "ClientManagement.Domain\ClientManagement.Domain.csproj", "{34007C58-C6FD-4660-9A92-148C475231FA}"
EndProject
Project("{FAE04EC0-301F-11D3-BF4B-00C04F79EFBC}") = "ClientManagement.Persistence", "ClientManagement.Persistence\ClientManagement.Persistence.csproj", "{7765C9E7-9BDD-4088-B8A2-0D279775B96B}"
EndProject
Project("{FAE04EC0-301F-11D3-BF4B-00C04F79EFBC}") = "ClientManagement.Application.UnitTests", "ClientManagement.Application.UnitTests\ClientManagement.Application.UnitTests.csproj", "{2E0B6A2E-5205-4E42-B210-CA98448C8AD2}"
EndProject
Global
	GlobalSection(SolutionConfigurationPlatforms) = preSolution
		Debug|Any CPU = Debug|Any CPU
		Release|Any CPU = Release|Any CPU
	EndGlobalSection
	GlobalSection(ProjectConfigurationPlatforms) = postSolution
		{04FCE723-D741-441C-A6CC-7D969E18771E}.Debug|Any CPU.ActiveCfg = Debug|Any CPU
		{04FCE723-D741-441C-A6CC-7D969E18771E}.Debug|Any CPU.Build.0 = Debug|Any CPU
		{04FCE723-D741-441C-A6CC-7D969E18771E}.Release|Any CPU.ActiveCfg = Release|Any CPU
		{04FCE723-D741-441C-A6CC-7D969E18771E}.Release|Any CPU.Build.0 = Release|Any CPU
		{E7D7C23E-D4B4-4ECE-AA90-A383496B6554}.Debug|Any CPU.ActiveCfg = Debug|Any CPU
		{E7D7C23E-D4B4-4ECE-AA90-A383496B6554}.Debug|Any CPU.Build.0 = Debug|Any CPU
		{E7D7C23E-D4B4-4ECE-AA90-A383496B6554}.Release|Any CPU.ActiveCfg = Release|Any CPU
		{E7D7C23E-D4B4-4ECE-AA90-A383496B6554}.Release|Any CPU.Build.0 = Release|Any CPU
		{34007C58-C6FD-4660-9A92-148C475231FA}.Debug|Any CPU.ActiveCfg = Debug|Any CPU
		{34007C58-C6FD-4660-9A92-148C475231FA}.Debug|Any CPU.Build.0 = Debug|Any CPU
		{34007C58-C6FD-4660-9A92-148C475231FA}.Release|Any CPU.ActiveCfg = Release|Any CPU
		{34007C58-C6FD-4660-9A92-148C475231FA}.Release|Any CPU.Build.0 = Release|Any CPU
		{7765C9E7-9BDD-4088-B8A2-0D279775B96B}.Debug|Any CPU.ActiveCfg = Debug|Any CPU
		{7765C9E7-9BDD-4088-B8A2-0D279775B96B}.Debug|Any CPU.Build.0 = Debug|Any CPU
		{7765C9E7-9BDD-4088-B8A2-0D279775B96B}.Release|Any CPU.ActiveCfg = Release|Any CPU
		{7765C9E7-9BDD-4088-B8A2-0D279775B96B}.Release|Any CPU.Build.0 = Release|Any CPU
		{2E0B6A2E-5205-4E42-B210-CA98448C8AD2}.Debug|Any CPU.ActiveCfg = Debug|Any CPU
		{2E0B6A2E-5205-4E42-B210-CA98448C8AD2}.Debug|Any CPU.Build.0 = Debug|Any CPU
		{2E0B6A2E-5205-4E42-B210-CA98448C8AD2}.Release|Any CPU.ActiveCfg = Release|Any CPU
		{2E0B6A2E-5205-4E42-B210-CA98448C8AD2}.Release|Any CPU.Build.0 = Release|Any CPU
	EndGlobalSection
	GlobalSection(SolutionProperties) = preSolution
		HideSolutionNode = FALSE
	EndGlobalSection
	GlobalSection(NestedProjects) = preSolution
		{04FCE723-D741-441C-A6CC-7D969E18771E} = {C3BF0D1A-A2AD-4DD8-8065-107329D7FB91}
		{C3BF0D1A-A2AD-4DD8-8065-107329D7FB91} = {496E6E37-FEA7-4327-B72A-F8714443BAB9}
		{C64F80CC-1706-4DFB-A1CE-09F5A16F0AAC} = {496E6E37-FEA7-4327-B72A-F8714443BAB9}
		{A221A275-76A7-49F2-969A-7C05D51BC273} = {496E6E37-FEA7-4327-B72A-F8714443BAB9}
		{E7D7C23E-D4B4-4ECE-AA90-A383496B6554} = {C64F80CC-1706-4DFB-A1CE-09F5A16F0AAC}
		{34007C58-C6FD-4660-9A92-148C475231FA} = {C64F80CC-1706-4DFB-A1CE-09F5A16F0AAC}
		{7765C9E7-9BDD-4088-B8A2-0D279775B96B} = {A221A275-76A7-49F2-969A-7C05D51BC273}
		{2E0B6A2E-5205-4E42-B210-CA98448C8AD2} = {022F9AF1-03D7-463E-9834-9EB1ACCC19F4}
	EndGlobalSection
	GlobalSection(ExtensibilityGlobals) = postSolution
		SolutionGuid = {E6C76142-9BDC-4B3B-BF05-83AE1C06C732}
	EndGlobalSection
EndGlobal
