
Microsoft Visual Studio Solution File, Format Version 12.00
# Visual Studio Version 17
VisualStudioVersion = 17.5.33516.290
MinimumVisualStudioVersion = 10.0.40219.1
Project("{2150E333-8FDC-42A3-9474-1A3956D46DE8}") = "src", "src", "{496E6E37-FEA7-4327-B72A-F8714443BAB9}"
EndProject
Project("{2150E333-8FDC-42A3-9474-1A3956D46DE8}") = "test", "test", "{022F9AF1-03D7-463E-9834-9EB1ACCC19F4}"
EndProject
Project("{2150E333-8FDC-42A3-9474-1A3956D46DE8}") = "API", "API", "{C3BF0D1A-A2AD-4DD8-8065-107329D7FB91}"
EndProject
Project("{2150E333-8FDC-42A3-9474-1A3956D46DE8}") = "Core", "Core", "{C64F80CC-1706-4DFB-A1CE-09F5A16F0AAC}"
EndProject
Project("{2150E333-8FDC-42A3-9474-1A3956D46DE8}") = "Infrastructure", "Infrastructure", "{A221A275-76A7-49F2-969A-7C05D51BC273}"
EndProject
Project("{9A19103F-16F7-4668-BE54-9A1E7A4F7556}") = "ClientManagement.Api", "ClientManagement.Api\ClientManagement.Api.csproj", "{C0DEBF66-E809-45E4-9004-26EB9E1A3DCE}"
EndProject
Project("{9A19103F-16F7-4668-BE54-9A1E7A4F7556}") = "ClientManagement.Application", "ClientManagement.Application\ClientManagement.Application.csproj", "{D62F60CA-3FD6-4992-8C87-F59B0101957D}"
EndProject
Project("{9A19103F-16F7-4668-BE54-9A1E7A4F7556}") = "ClientManagement.Domain", "ClientManagement.Domain\ClientManagement.Domain.csproj", "{0E5BBF60-B924-40FC-9D97-559AFDEDBAEA}"
EndProject
Project("{9A19103F-16F7-4668-BE54-9A1E7A4F7556}") = "ClientManagement.Persistence", "ClientManagement.Persistence\ClientManagement.Persistence.csproj", "{53D73C03-F5CC-49A9-A7D0-9D9F9A9FC5A5}"
EndProject
Project("{9A19103F-16F7-4668-BE54-9A1E7A4F7556}") = "ClientManagement.Api.IntegrationTests", "ClientManagement.Api.IntegrationTests\ClientManagement.Api.IntegrationTests.csproj", "{A36AC360-2FC3-4998-B165-DCF1FAC87208}"
EndProject
Project("{9A19103F-16F7-4668-BE54-9A1E7A4F7556}") = "ClientManagement.Application.UnitTests", "ClientManagement.Application.UnitTests\ClientManagement.Application.UnitTests.csproj", "{89AEBBFF-231B-4197-9F37-E2DBC14179B7}"
EndProject
Project("{9A19103F-16F7-4668-BE54-9A1E7A4F7556}") = "ClientManagement.Persistence.IntegrationTests", "ClientManagement.Persistence.IntegrationTests\ClientManagement.Persistence.IntegrationTests.csproj", "{EC0E6818-DFF8-4446-AAA9-E616C48AD296}"
EndProject
Global
	GlobalSection(SolutionConfigurationPlatforms) = preSolution
		Debug|Any CPU = Debug|Any CPU
		Release|Any CPU = Release|Any CPU
	EndGlobalSection
	GlobalSection(ProjectConfigurationPlatforms) = postSolution
		{C0DEBF66-E809-45E4-9004-26EB9E1A3DCE}.Debug|Any CPU.ActiveCfg = Debug|Any CPU
		{C0DEBF66-E809-45E4-9004-26EB9E1A3DCE}.Debug|Any CPU.Build.0 = Debug|Any CPU
		{C0DEBF66-E809-45E4-9004-26EB9E1A3DCE}.Release|Any CPU.ActiveCfg = Release|Any CPU
		{C0DEBF66-E809-45E4-9004-26EB9E1A3DCE}.Release|Any CPU.Build.0 = Release|Any CPU
		{D62F60CA-3FD6-4992-8C87-F59B0101957D}.Debug|Any CPU.ActiveCfg = Debug|Any CPU
		{D62F60CA-3FD6-4992-8C87-F59B0101957D}.Debug|Any CPU.Build.0 = Debug|Any CPU
		{D62F60CA-3FD6-4992-8C87-F59B0101957D}.Release|Any CPU.ActiveCfg = Release|Any CPU
		{D62F60CA-3FD6-4992-8C87-F59B0101957D}.Release|Any CPU.Build.0 = Release|Any CPU
		{0E5BBF60-B924-40FC-9D97-559AFDEDBAEA}.Debug|Any CPU.ActiveCfg = Debug|Any CPU
		{0E5BBF60-B924-40FC-9D97-559AFDEDBAEA}.Debug|Any CPU.Build.0 = Debug|Any CPU
		{0E5BBF60-B924-40FC-9D97-559AFDEDBAEA}.Release|Any CPU.ActiveCfg = Release|Any CPU
		{0E5BBF60-B924-40FC-9D97-559AFDEDBAEA}.Release|Any CPU.Build.0 = Release|Any CPU
		{53D73C03-F5CC-49A9-A7D0-9D9F9A9FC5A5}.Debug|Any CPU.ActiveCfg = Debug|Any CPU
		{53D73C03-F5CC-49A9-A7D0-9D9F9A9FC5A5}.Debug|Any CPU.Build.0 = Debug|Any CPU
		{53D73C03-F5CC-49A9-A7D0-9D9F9A9FC5A5}.Release|Any CPU.ActiveCfg = Release|Any CPU
		{53D73C03-F5CC-49A9-A7D0-9D9F9A9FC5A5}.Release|Any CPU.Build.0 = Release|Any CPU
		{A36AC360-2FC3-4998-B165-DCF1FAC87208}.Debug|Any CPU.ActiveCfg = Debug|Any CPU
		{A36AC360-2FC3-4998-B165-DCF1FAC87208}.Debug|Any CPU.Build.0 = Debug|Any CPU
		{A36AC360-2FC3-4998-B165-DCF1FAC87208}.Release|Any CPU.ActiveCfg = Release|Any CPU
		{A36AC360-2FC3-4998-B165-DCF1FAC87208}.Release|Any CPU.Build.0 = Release|Any CPU
		{89AEBBFF-231B-4197-9F37-E2DBC14179B7}.Debug|Any CPU.ActiveCfg = Debug|Any CPU
		{89AEBBFF-231B-4197-9F37-E2DBC14179B7}.Debug|Any CPU.Build.0 = Debug|Any CPU
		{89AEBBFF-231B-4197-9F37-E2DBC14179B7}.Release|Any CPU.ActiveCfg = Release|Any CPU
		{89AEBBFF-231B-4197-9F37-E2DBC14179B7}.Release|Any CPU.Build.0 = Release|Any CPU
		{EC0E6818-DFF8-4446-AAA9-E616C48AD296}.Debug|Any CPU.ActiveCfg = Debug|Any CPU
		{EC0E6818-DFF8-4446-AAA9-E616C48AD296}.Debug|Any CPU.Build.0 = Debug|Any CPU
		{EC0E6818-DFF8-4446-AAA9-E616C48AD296}.Release|Any CPU.ActiveCfg = Release|Any CPU
		{EC0E6818-DFF8-4446-AAA9-E616C48AD296}.Release|Any CPU.Build.0 = Release|Any CPU
	EndGlobalSection
	GlobalSection(SolutionProperties) = preSolution
		HideSolutionNode = FALSE
	EndGlobalSection
	GlobalSection(NestedProjects) = preSolution
		{C3BF0D1A-A2AD-4DD8-8065-107329D7FB91} = {496E6E37-FEA7-4327-B72A-F8714443BAB9}
		{C64F80CC-1706-4DFB-A1CE-09F5A16F0AAC} = {496E6E37-FEA7-4327-B72A-F8714443BAB9}
		{A221A275-76A7-49F2-969A-7C05D51BC273} = {496E6E37-FEA7-4327-B72A-F8714443BAB9}
		{C0DEBF66-E809-45E4-9004-26EB9E1A3DCE} = {C3BF0D1A-A2AD-4DD8-8065-107329D7FB91}
		{D62F60CA-3FD6-4992-8C87-F59B0101957D} = {C64F80CC-1706-4DFB-A1CE-09F5A16F0AAC}
		{0E5BBF60-B924-40FC-9D97-559AFDEDBAEA} = {C64F80CC-1706-4DFB-A1CE-09F5A16F0AAC}
		{53D73C03-F5CC-49A9-A7D0-9D9F9A9FC5A5} = {A221A275-76A7-49F2-969A-7C05D51BC273}
		{A36AC360-2FC3-4998-B165-DCF1FAC87208} = {022F9AF1-03D7-463E-9834-9EB1ACCC19F4}
		{89AEBBFF-231B-4197-9F37-E2DBC14179B7} = {022F9AF1-03D7-463E-9834-9EB1ACCC19F4}
		{EC0E6818-DFF8-4446-AAA9-E616C48AD296} = {022F9AF1-03D7-463E-9834-9EB1ACCC19F4}
	EndGlobalSection
	GlobalSection(ExtensibilityGlobals) = postSolution
		SolutionGuid = {E6C76142-9BDC-4B3B-BF05-83AE1C06C732}
	EndGlobalSection
EndGlobal
